
Microsoft Visual Studio Solution File, Format Version 12.00
# Visual Studio 15
VisualStudioVersion = 15.0.28010.2016
MinimumVisualStudioVersion = 10.0.40219.1
Project("{FAE04EC0-301F-11D3-BF4B-00C04F79EFBC}") = "SimpleActivity", "SimpleActivity\SimpleActivity.csproj", "{83DF89F9-1CE4-466A-A140-1B9565000548}"
EndProject
Project("{FAE04EC0-301F-11D3-BF4B-00C04F79EFBC}") = "GUI", "GUI\GUI.csproj", "{6F96AC2F-2DBE-4AA7-9DDA-538B7945AA69}"
EndProject
Global
	GlobalSection(SolutionConfigurationPlatforms) = preSolution
		Debug|Any CPU = Debug|Any CPU
		Release|Any CPU = Release|Any CPU
	EndGlobalSection
	GlobalSection(ProjectConfigurationPlatforms) = postSolution
		{83DF89F9-1CE4-466A-A140-1B9565000548}.Debug|Any CPU.ActiveCfg = Debug|Any CPU
		{83DF89F9-1CE4-466A-A140-1B9565000548}.Debug|Any CPU.Build.0 = Debug|Any CPU
		{83DF89F9-1CE4-466A-A140-1B9565000548}.Release|Any CPU.ActiveCfg = Release|Any CPU
		{83DF89F9-1CE4-466A-A140-1B9565000548}.Release|Any CPU.Build.0 = Release|Any CPU
		{6F96AC2F-2DBE-4AA7-9DDA-538B7945AA69}.Debug|Any CPU.ActiveCfg = Debug|Any CPU
		{6F96AC2F-2DBE-4AA7-9DDA-538B7945AA69}.Debug|Any CPU.Build.0 = Debug|Any CPU
		{6F96AC2F-2DBE-4AA7-9DDA-538B7945AA69}.Release|Any CPU.ActiveCfg = Release|Any CPU
		{6F96AC2F-2DBE-4AA7-9DDA-538B7945AA69}.Release|Any CPU.Build.0 = Release|Any CPU
	EndGlobalSection
	GlobalSection(SolutionProperties) = preSolution
		HideSolutionNode = FALSE
	EndGlobalSection
	GlobalSection(ExtensibilityGlobals) = postSolution
		SolutionGuid = {47737E4C-55FA-4A49-9945-CB629F925368}
	EndGlobalSection
EndGlobal
